// !$*UTF8*$!
{
	archiveVersion = 1;
	classes = {
	};
	objectVersion = 55;
	objects = {

/* Begin PBXBuildFile section */
		47E618E7ABD9DB76F0D6F363 /* Pods_CloudApp.framework in Frameworks */ = {isa = PBXBuildFile; fileRef = 5BFC86CD79AF4C8977EE1C5A /* Pods_CloudApp.framework */; };
		7B369E5C28ADF4ED00EEB218 /* UIViewController + UIAlertController.swift in Sources */ = {isa = PBXBuildFile; fileRef = 7B369E5B28ADF4ED00EEB218 /* UIViewController + UIAlertController.swift */; };
		7B5EE49628AD29A900D50A4E /* FirebaseStorageError.swift in Sources */ = {isa = PBXBuildFile; fileRef = 7B5EE49528AD29A900D50A4E /* FirebaseStorageError.swift */; };
		7B5EE49828AD2A0100D50A4E /* FileManagerServiceError.swift in Sources */ = {isa = PBXBuildFile; fileRef = 7B5EE49728AD2A0100D50A4E /* FileManagerServiceError.swift */; };
		7B87928328ACD43C00E83D77 /* FileCellProtocol.swift in Sources */ = {isa = PBXBuildFile; fileRef = 7B87928228ACD43C00E83D77 /* FileCellProtocol.swift */; };
		7B8A11AF28B3B63C0080D92B /* CoordinatorProtocol.swift in Sources */ = {isa = PBXBuildFile; fileRef = 7B8A11AE28B3B63C0080D92B /* CoordinatorProtocol.swift */; };
		7B8A11B128B3B6690080D92B /* MainCoordinator.swift in Sources */ = {isa = PBXBuildFile; fileRef = 7B8A11B028B3B6690080D92B /* MainCoordinator.swift */; };
		7B8A11B328B3C1170080D92B /* AuthenticationCoordinator.swift in Sources */ = {isa = PBXBuildFile; fileRef = 7B8A11B228B3C1170080D92B /* AuthenticationCoordinator.swift */; };
		7B8A11B528B3C1200080D92B /* RootFolderCoordinator.swift in Sources */ = {isa = PBXBuildFile; fileRef = 7B8A11B428B3C1200080D92B /* RootFolderCoordinator.swift */; };
		7B920C0228AB649B00ABFDA6 /* StartScreenButton.swift in Sources */ = {isa = PBXBuildFile; fileRef = 7B920C0128AB649B00ABFDA6 /* StartScreenButton.swift */; };
		7B920C0528AB657800ABFDA6 /* StartScreenController.swift in Sources */ = {isa = PBXBuildFile; fileRef = 7B920C0428AB657800ABFDA6 /* StartScreenController.swift */; };
		7B920C0728AB659A00ABFDA6 /* AuthenticationNavigationController.swift in Sources */ = {isa = PBXBuildFile; fileRef = 7B920C0628AB659A00ABFDA6 /* AuthenticationNavigationController.swift */; };
		7B920C0928AB6E3F00ABFDA6 /* SignUpTextFIeld.swift in Sources */ = {isa = PBXBuildFile; fileRef = 7B920C0828AB6E3F00ABFDA6 /* SignUpTextFIeld.swift */; };
		7B920C0B28AB6FBC00ABFDA6 /* PaddingTextField.swift in Sources */ = {isa = PBXBuildFile; fileRef = 7B920C0A28AB6FBC00ABFDA6 /* PaddingTextField.swift */; };
		7B920C0E28AB6FD600ABFDA6 /* RxSwift  + notNilValue.swift in Sources */ = {isa = PBXBuildFile; fileRef = 7B920C0D28AB6FD600ABFDA6 /* RxSwift  + notNilValue.swift */; };
		7B920C1028AB701A00ABFDA6 /* LoginViewController.swift in Sources */ = {isa = PBXBuildFile; fileRef = 7B920C0F28AB701A00ABFDA6 /* LoginViewController.swift */; };
		7B920C1628AB73C400ABFDA6 /* UIView + twitch.swift in Sources */ = {isa = PBXBuildFile; fileRef = 7B920C1528AB73C400ABFDA6 /* UIView + twitch.swift */; };
		7B920C1928AB751200ABFDA6 /* Validator.swift in Sources */ = {isa = PBXBuildFile; fileRef = 7B920C1828AB751200ABFDA6 /* Validator.swift */; };
		7B920C1D28AB75C700ABFDA6 /* String + Uppercase.swift in Sources */ = {isa = PBXBuildFile; fileRef = 7B920C1B28AB75C700ABFDA6 /* String + Uppercase.swift */; };
		7B920C1E28AB75C700ABFDA6 /* String + NilOrEmpty.swift in Sources */ = {isa = PBXBuildFile; fileRef = 7B920C1C28AB75C700ABFDA6 /* String + NilOrEmpty.swift */; };
		7B920C2028AB768E00ABFDA6 /* SignUpController.swift in Sources */ = {isa = PBXBuildFile; fileRef = 7B920C1F28AB768E00ABFDA6 /* SignUpController.swift */; };
		7B920C2228AB782600ABFDA6 /* AuthenticationService.swift in Sources */ = {isa = PBXBuildFile; fileRef = 7B920C2128AB782600ABFDA6 /* AuthenticationService.swift */; };
		7B920C2428AB7A1B00ABFDA6 /* AlertService.swift in Sources */ = {isa = PBXBuildFile; fileRef = 7B920C2328AB7A1B00ABFDA6 /* AlertService.swift */; };
		7B920C2628AB7F7100ABFDA6 /* GoogleService-Info.plist in Resources */ = {isa = PBXBuildFile; fileRef = 7B920C2528AB7F7100ABFDA6 /* GoogleService-Info.plist */; };
		7B920C2A28AB834500ABFDA6 /* FirebaseStorageService.swift in Sources */ = {isa = PBXBuildFile; fileRef = 7B920C2928AB834500ABFDA6 /* FirebaseStorageService.swift */; };
		7B920C2C28AB835200ABFDA6 /* FileManagerService.swift in Sources */ = {isa = PBXBuildFile; fileRef = 7B920C2B28AB835200ABFDA6 /* FileManagerService.swift */; };
		7B920C2E28AB83B000ABFDA6 /* CloudItem.swift in Sources */ = {isa = PBXBuildFile; fileRef = 7B920C2D28AB83B000ABFDA6 /* CloudItem.swift */; };
		7B920C3028AB83D000ABFDA6 /* CloudFolder.swift in Sources */ = {isa = PBXBuildFile; fileRef = 7B920C2F28AB83D000ABFDA6 /* CloudFolder.swift */; };
		7B920C3228AB83DB00ABFDA6 /* Folder.swift in Sources */ = {isa = PBXBuildFile; fileRef = 7B920C3128AB83DB00ABFDA6 /* Folder.swift */; };
		7B920C3528ABB04F00ABFDA6 /* Data + Default.swift in Sources */ = {isa = PBXBuildFile; fileRef = 7B920C3428ABB04F00ABFDA6 /* Data + Default.swift */; };
		7B920C3828ABB27400ABFDA6 /* UTType + AllTypes.swift in Sources */ = {isa = PBXBuildFile; fileRef = 7B920C3728ABB27400ABFDA6 /* UTType + AllTypes.swift */; };
		7BFCB26128AAAB8D00747CC1 /* AppDelegate.swift in Sources */ = {isa = PBXBuildFile; fileRef = 7BFCB26028AAAB8D00747CC1 /* AppDelegate.swift */; };
		7BFCB26328AAAB8D00747CC1 /* SceneDelegate.swift in Sources */ = {isa = PBXBuildFile; fileRef = 7BFCB26228AAAB8D00747CC1 /* SceneDelegate.swift */; };
		7BFCB26A28AAAB8E00747CC1 /* Assets.xcassets in Resources */ = {isa = PBXBuildFile; fileRef = 7BFCB26928AAAB8E00747CC1 /* Assets.xcassets */; };
		7BFCB26D28AAAB8E00747CC1 /* LaunchScreen.storyboard in Resources */ = {isa = PBXBuildFile; fileRef = 7BFCB26B28AAAB8E00747CC1 /* LaunchScreen.storyboard */; };
		7BFCB29228AAABF200747CC1 /* FilesViewModel.swift in Sources */ = {isa = PBXBuildFile; fileRef = 7BFCB29128AAABF200747CC1 /* FilesViewModel.swift */; };
		7BFCB29428AAAC1500747CC1 /* ViewModelProtocol.swift in Sources */ = {isa = PBXBuildFile; fileRef = 7BFCB29328AAAC1500747CC1 /* ViewModelProtocol.swift */; };
		7BFCB29628AAAC2400747CC1 /* FileCellViewModel.swift in Sources */ = {isa = PBXBuildFile; fileRef = 7BFCB29528AAAC2400747CC1 /* FileCellViewModel.swift */; };
		7BFCB29A28AAAC4A00747CC1 /* LayoutType.swift in Sources */ = {isa = PBXBuildFile; fileRef = 7BFCB29928AAAC4A00747CC1 /* LayoutType.swift */; };
		7BFCB29D28AAACB100747CC1 /* LayoutSwitcherView.swift in Sources */ = {isa = PBXBuildFile; fileRef = 7BFCB29C28AAACB100747CC1 /* LayoutSwitcherView.swift */; };
		7BFCB2AD28AAAD3500747CC1 /* UserDefaultsService.swift in Sources */ = {isa = PBXBuildFile; fileRef = 7BFCB2A828AAAD3500747CC1 /* UserDefaultsService.swift */; };
		7BFCB2AE28AAAD3500747CC1 /* AlertFactory.swift in Sources */ = {isa = PBXBuildFile; fileRef = 7BFCB2A928AAAD3500747CC1 /* AlertFactory.swift */; };
		7BFCB2AF28AAAD3500747CC1 /* LayoutFactory.swift in Sources */ = {isa = PBXBuildFile; fileRef = 7BFCB2AB28AAAD3500747CC1 /* LayoutFactory.swift */; };
		7BFCB2B128AAAD4C00747CC1 /* FolderCellViewModel.swift in Sources */ = {isa = PBXBuildFile; fileRef = 7BFCB2B028AAAD4C00747CC1 /* FolderCellViewModel.swift */; };
		7BFCB2B628AAAD6600747CC1 /* UILabel + Init.swift in Sources */ = {isa = PBXBuildFile; fileRef = 7BFCB2B328AAAD6600747CC1 /* UILabel + Init.swift */; };
		7BFCB2B728AAAD6600747CC1 /* UIColor + Constants.swift in Sources */ = {isa = PBXBuildFile; fileRef = 7BFCB2B428AAAD6600747CC1 /* UIColor + Constants.swift */; };
		7BFCB2B828AAAD6600747CC1 /* UIStackView + Init.swift in Sources */ = {isa = PBXBuildFile; fileRef = 7BFCB2B528AAAD6600747CC1 /* UIStackView + Init.swift */; };
		7BFCB2BA28AAAD9200747CC1 /* FolderFileActionView.swift in Sources */ = {isa = PBXBuildFile; fileRef = 7BFCB2B928AAAD9200747CC1 /* FolderFileActionView.swift */; };
		7BFCB2C028AAADB000747CC1 /* FileColumnCell.swift in Sources */ = {isa = PBXBuildFile; fileRef = 7BFCB2BC28AAADB000747CC1 /* FileColumnCell.swift */; };
		7BFCB2C128AAADB000747CC1 /* FileListCell.swift in Sources */ = {isa = PBXBuildFile; fileRef = 7BFCB2BD28AAADB000747CC1 /* FileListCell.swift */; };
		7BFCB2C228AAADB000747CC1 /* FolderListCell.swift in Sources */ = {isa = PBXBuildFile; fileRef = 7BFCB2BE28AAADB000747CC1 /* FolderListCell.swift */; };
		7BFCB2C328AAADB000747CC1 /* FolderColumnCell.swift in Sources */ = {isa = PBXBuildFile; fileRef = 7BFCB2BF28AAADB000747CC1 /* FolderColumnCell.swift */; };
		7BFCB2C728AAADF900747CC1 /* FoldersCollectionView.swift in Sources */ = {isa = PBXBuildFile; fileRef = 7BFCB2C628AAADF900747CC1 /* FoldersCollectionView.swift */; };
		7BFCB2C928AAAE5B00747CC1 /* FilesCollectionView.swift in Sources */ = {isa = PBXBuildFile; fileRef = 7BFCB2C828AAAE5B00747CC1 /* FilesCollectionView.swift */; };
		7BFCB2CB28AAAE8600747CC1 /* RootFolderNavigationController.swift in Sources */ = {isa = PBXBuildFile; fileRef = 7BFCB2CA28AAAE8600747CC1 /* RootFolderNavigationController.swift */; };
		7BFCB2CD28AAAE9600747CC1 /* MainFolderViewController.swift in Sources */ = {isa = PBXBuildFile; fileRef = 7BFCB2CC28AAAE9600747CC1 /* MainFolderViewController.swift */; };
		7BFCB2CF28AAAED000747CC1 /* FoldersViewModel.swift in Sources */ = {isa = PBXBuildFile; fileRef = 7BFCB2CE28AAAED000747CC1 /* FoldersViewModel.swift */; };
		7BFCB2D328AAAFFB00747CC1 /* FilesCollectionViewController.swift in Sources */ = {isa = PBXBuildFile; fileRef = 7BFCB2D228AAAFFB00747CC1 /* FilesCollectionViewController.swift */; };
		7BFCB2D528AAB02E00747CC1 /* FilesViewController.swift in Sources */ = {isa = PBXBuildFile; fileRef = 7BFCB2D428AAB02E00747CC1 /* FilesViewController.swift */; };
		7BFCB2D728AAB0F800747CC1 /* FoldersCollectionViewController.swift in Sources */ = {isa = PBXBuildFile; fileRef = 7BFCB2D628AAB0F800747CC1 /* FoldersCollectionViewController.swift */; };
/* End PBXBuildFile section */

/* Begin PBXFileReference section */
		5BFC86CD79AF4C8977EE1C5A /* Pods_CloudApp.framework */ = {isa = PBXFileReference; explicitFileType = wrapper.framework; includeInIndex = 0; path = Pods_CloudApp.framework; sourceTree = BUILT_PRODUCTS_DIR; };
		7B369E5B28ADF4ED00EEB218 /* UIViewController + UIAlertController.swift */ = {isa = PBXFileReference; lastKnownFileType = sourcecode.swift; path = "UIViewController + UIAlertController.swift"; sourceTree = "<group>"; };
		7B5EE49528AD29A900D50A4E /* FirebaseStorageError.swift */ = {isa = PBXFileReference; lastKnownFileType = sourcecode.swift; name = FirebaseStorageError.swift; path = CloudApp/View/Cells/FirebaseStorageError.swift; sourceTree = SOURCE_ROOT; };
		7B5EE49728AD2A0100D50A4E /* FileManagerServiceError.swift */ = {isa = PBXFileReference; lastKnownFileType = sourcecode.swift; path = FileManagerServiceError.swift; sourceTree = "<group>"; };
		7B87928228ACD43C00E83D77 /* FileCellProtocol.swift */ = {isa = PBXFileReference; lastKnownFileType = sourcecode.swift; path = FileCellProtocol.swift; sourceTree = "<group>"; };
		7B8A11AE28B3B63C0080D92B /* CoordinatorProtocol.swift */ = {isa = PBXFileReference; lastKnownFileType = sourcecode.swift; path = CoordinatorProtocol.swift; sourceTree = "<group>"; };
		7B8A11B028B3B6690080D92B /* MainCoordinator.swift */ = {isa = PBXFileReference; lastKnownFileType = sourcecode.swift; path = MainCoordinator.swift; sourceTree = "<group>"; };
		7B8A11B228B3C1170080D92B /* AuthenticationCoordinator.swift */ = {isa = PBXFileReference; lastKnownFileType = sourcecode.swift; path = AuthenticationCoordinator.swift; sourceTree = "<group>"; };
		7B8A11B428B3C1200080D92B /* RootFolderCoordinator.swift */ = {isa = PBXFileReference; lastKnownFileType = sourcecode.swift; path = RootFolderCoordinator.swift; sourceTree = "<group>"; };
		7B920C0128AB649B00ABFDA6 /* StartScreenButton.swift */ = {isa = PBXFileReference; lastKnownFileType = sourcecode.swift; path = StartScreenButton.swift; sourceTree = "<group>"; };
		7B920C0428AB657800ABFDA6 /* StartScreenController.swift */ = {isa = PBXFileReference; lastKnownFileType = sourcecode.swift; path = StartScreenController.swift; sourceTree = "<group>"; };
		7B920C0628AB659A00ABFDA6 /* AuthenticationNavigationController.swift */ = {isa = PBXFileReference; lastKnownFileType = sourcecode.swift; path = AuthenticationNavigationController.swift; sourceTree = "<group>"; };
		7B920C0828AB6E3F00ABFDA6 /* SignUpTextFIeld.swift */ = {isa = PBXFileReference; lastKnownFileType = sourcecode.swift; path = SignUpTextFIeld.swift; sourceTree = "<group>"; };
		7B920C0A28AB6FBC00ABFDA6 /* PaddingTextField.swift */ = {isa = PBXFileReference; lastKnownFileType = sourcecode.swift; path = PaddingTextField.swift; sourceTree = "<group>"; };
		7B920C0D28AB6FD600ABFDA6 /* RxSwift  + notNilValue.swift */ = {isa = PBXFileReference; fileEncoding = 4; lastKnownFileType = sourcecode.swift; path = "RxSwift  + notNilValue.swift"; sourceTree = "<group>"; };
		7B920C0F28AB701A00ABFDA6 /* LoginViewController.swift */ = {isa = PBXFileReference; lastKnownFileType = sourcecode.swift; path = LoginViewController.swift; sourceTree = "<group>"; };
		7B920C1528AB73C400ABFDA6 /* UIView + twitch.swift */ = {isa = PBXFileReference; lastKnownFileType = sourcecode.swift; path = "UIView + twitch.swift"; sourceTree = "<group>"; };
		7B920C1828AB751200ABFDA6 /* Validator.swift */ = {isa = PBXFileReference; fileEncoding = 4; lastKnownFileType = sourcecode.swift; path = Validator.swift; sourceTree = "<group>"; };
		7B920C1B28AB75C700ABFDA6 /* String + Uppercase.swift */ = {isa = PBXFileReference; fileEncoding = 4; lastKnownFileType = sourcecode.swift; path = "String + Uppercase.swift"; sourceTree = "<group>"; };
		7B920C1C28AB75C700ABFDA6 /* String + NilOrEmpty.swift */ = {isa = PBXFileReference; fileEncoding = 4; lastKnownFileType = sourcecode.swift; path = "String + NilOrEmpty.swift"; sourceTree = "<group>"; };
		7B920C1F28AB768E00ABFDA6 /* SignUpController.swift */ = {isa = PBXFileReference; lastKnownFileType = sourcecode.swift; path = SignUpController.swift; sourceTree = "<group>"; };
		7B920C2128AB782600ABFDA6 /* AuthenticationService.swift */ = {isa = PBXFileReference; fileEncoding = 4; lastKnownFileType = sourcecode.swift; path = AuthenticationService.swift; sourceTree = "<group>"; };
		7B920C2328AB7A1B00ABFDA6 /* AlertService.swift */ = {isa = PBXFileReference; fileEncoding = 4; lastKnownFileType = sourcecode.swift; path = AlertService.swift; sourceTree = "<group>"; };
		7B920C2528AB7F7100ABFDA6 /* GoogleService-Info.plist */ = {isa = PBXFileReference; fileEncoding = 4; lastKnownFileType = text.plist.xml; path = "GoogleService-Info.plist"; sourceTree = "<group>"; };
		7B920C2928AB834500ABFDA6 /* FirebaseStorageService.swift */ = {isa = PBXFileReference; fileEncoding = 4; lastKnownFileType = sourcecode.swift; path = FirebaseStorageService.swift; sourceTree = "<group>"; };
		7B920C2B28AB835200ABFDA6 /* FileManagerService.swift */ = {isa = PBXFileReference; fileEncoding = 4; lastKnownFileType = sourcecode.swift; path = FileManagerService.swift; sourceTree = "<group>"; };
		7B920C2D28AB83B000ABFDA6 /* CloudItem.swift */ = {isa = PBXFileReference; lastKnownFileType = sourcecode.swift; path = CloudItem.swift; sourceTree = "<group>"; };
		7B920C2F28AB83D000ABFDA6 /* CloudFolder.swift */ = {isa = PBXFileReference; lastKnownFileType = sourcecode.swift; path = CloudFolder.swift; sourceTree = "<group>"; };
		7B920C3128AB83DB00ABFDA6 /* Folder.swift */ = {isa = PBXFileReference; lastKnownFileType = sourcecode.swift; path = Folder.swift; sourceTree = "<group>"; };
		7B920C3428ABB04F00ABFDA6 /* Data + Default.swift */ = {isa = PBXFileReference; lastKnownFileType = sourcecode.swift; path = "Data + Default.swift"; sourceTree = "<group>"; };
		7B920C3728ABB27400ABFDA6 /* UTType + AllTypes.swift */ = {isa = PBXFileReference; lastKnownFileType = sourcecode.swift; path = "UTType + AllTypes.swift"; sourceTree = "<group>"; };
		7BFCB25D28AAAB8D00747CC1 /* CloudApp.app */ = {isa = PBXFileReference; explicitFileType = wrapper.application; includeInIndex = 0; path = CloudApp.app; sourceTree = BUILT_PRODUCTS_DIR; };
		7BFCB26028AAAB8D00747CC1 /* AppDelegate.swift */ = {isa = PBXFileReference; lastKnownFileType = sourcecode.swift; path = AppDelegate.swift; sourceTree = "<group>"; };
		7BFCB26228AAAB8D00747CC1 /* SceneDelegate.swift */ = {isa = PBXFileReference; lastKnownFileType = sourcecode.swift; path = SceneDelegate.swift; sourceTree = "<group>"; };
		7BFCB26928AAAB8E00747CC1 /* Assets.xcassets */ = {isa = PBXFileReference; lastKnownFileType = folder.assetcatalog; path = Assets.xcassets; sourceTree = "<group>"; };
		7BFCB26C28AAAB8E00747CC1 /* Base */ = {isa = PBXFileReference; lastKnownFileType = file.storyboard; name = Base; path = Base.lproj/LaunchScreen.storyboard; sourceTree = "<group>"; };
		7BFCB26E28AAAB8E00747CC1 /* Info.plist */ = {isa = PBXFileReference; lastKnownFileType = text.plist.xml; path = Info.plist; sourceTree = "<group>"; };
		7BFCB29128AAABF200747CC1 /* FilesViewModel.swift */ = {isa = PBXFileReference; lastKnownFileType = sourcecode.swift; path = FilesViewModel.swift; sourceTree = "<group>"; };
		7BFCB29328AAAC1500747CC1 /* ViewModelProtocol.swift */ = {isa = PBXFileReference; lastKnownFileType = sourcecode.swift; path = ViewModelProtocol.swift; sourceTree = "<group>"; };
		7BFCB29528AAAC2400747CC1 /* FileCellViewModel.swift */ = {isa = PBXFileReference; lastKnownFileType = sourcecode.swift; path = FileCellViewModel.swift; sourceTree = "<group>"; };
		7BFCB29928AAAC4A00747CC1 /* LayoutType.swift */ = {isa = PBXFileReference; lastKnownFileType = sourcecode.swift; path = LayoutType.swift; sourceTree = "<group>"; };
		7BFCB29C28AAACB100747CC1 /* LayoutSwitcherView.swift */ = {isa = PBXFileReference; lastKnownFileType = sourcecode.swift; path = LayoutSwitcherView.swift; sourceTree = "<group>"; };
		7BFCB2A828AAAD3500747CC1 /* UserDefaultsService.swift */ = {isa = PBXFileReference; fileEncoding = 4; lastKnownFileType = sourcecode.swift; path = UserDefaultsService.swift; sourceTree = "<group>"; };
		7BFCB2A928AAAD3500747CC1 /* AlertFactory.swift */ = {isa = PBXFileReference; fileEncoding = 4; lastKnownFileType = sourcecode.swift; path = AlertFactory.swift; sourceTree = "<group>"; };
		7BFCB2AB28AAAD3500747CC1 /* LayoutFactory.swift */ = {isa = PBXFileReference; fileEncoding = 4; lastKnownFileType = sourcecode.swift; path = LayoutFactory.swift; sourceTree = "<group>"; };
		7BFCB2B028AAAD4C00747CC1 /* FolderCellViewModel.swift */ = {isa = PBXFileReference; lastKnownFileType = sourcecode.swift; path = FolderCellViewModel.swift; sourceTree = "<group>"; };
		7BFCB2B328AAAD6600747CC1 /* UILabel + Init.swift */ = {isa = PBXFileReference; fileEncoding = 4; lastKnownFileType = sourcecode.swift; path = "UILabel + Init.swift"; sourceTree = "<group>"; };
		7BFCB2B428AAAD6600747CC1 /* UIColor + Constants.swift */ = {isa = PBXFileReference; fileEncoding = 4; lastKnownFileType = sourcecode.swift; path = "UIColor + Constants.swift"; sourceTree = "<group>"; };
		7BFCB2B528AAAD6600747CC1 /* UIStackView + Init.swift */ = {isa = PBXFileReference; fileEncoding = 4; lastKnownFileType = sourcecode.swift; path = "UIStackView + Init.swift"; sourceTree = "<group>"; };
		7BFCB2B928AAAD9200747CC1 /* FolderFileActionView.swift */ = {isa = PBXFileReference; lastKnownFileType = sourcecode.swift; path = FolderFileActionView.swift; sourceTree = "<group>"; };
		7BFCB2BC28AAADB000747CC1 /* FileColumnCell.swift */ = {isa = PBXFileReference; fileEncoding = 4; lastKnownFileType = sourcecode.swift; path = FileColumnCell.swift; sourceTree = "<group>"; };
		7BFCB2BD28AAADB000747CC1 /* FileListCell.swift */ = {isa = PBXFileReference; fileEncoding = 4; lastKnownFileType = sourcecode.swift; path = FileListCell.swift; sourceTree = "<group>"; };
		7BFCB2BE28AAADB000747CC1 /* FolderListCell.swift */ = {isa = PBXFileReference; fileEncoding = 4; lastKnownFileType = sourcecode.swift; path = FolderListCell.swift; sourceTree = "<group>"; };
		7BFCB2BF28AAADB000747CC1 /* FolderColumnCell.swift */ = {isa = PBXFileReference; fileEncoding = 4; lastKnownFileType = sourcecode.swift; path = FolderColumnCell.swift; sourceTree = "<group>"; };
		7BFCB2C628AAADF900747CC1 /* FoldersCollectionView.swift */ = {isa = PBXFileReference; fileEncoding = 4; lastKnownFileType = sourcecode.swift; path = FoldersCollectionView.swift; sourceTree = "<group>"; };
		7BFCB2C828AAAE5B00747CC1 /* FilesCollectionView.swift */ = {isa = PBXFileReference; fileEncoding = 4; lastKnownFileType = sourcecode.swift; path = FilesCollectionView.swift; sourceTree = "<group>"; };
		7BFCB2CA28AAAE8600747CC1 /* RootFolderNavigationController.swift */ = {isa = PBXFileReference; fileEncoding = 4; lastKnownFileType = sourcecode.swift; path = RootFolderNavigationController.swift; sourceTree = "<group>"; };
		7BFCB2CC28AAAE9600747CC1 /* MainFolderViewController.swift */ = {isa = PBXFileReference; fileEncoding = 4; lastKnownFileType = sourcecode.swift; path = MainFolderViewController.swift; sourceTree = "<group>"; };
		7BFCB2CE28AAAED000747CC1 /* FoldersViewModel.swift */ = {isa = PBXFileReference; fileEncoding = 4; lastKnownFileType = sourcecode.swift; path = FoldersViewModel.swift; sourceTree = "<group>"; };
		7BFCB2D228AAAFFB00747CC1 /* FilesCollectionViewController.swift */ = {isa = PBXFileReference; lastKnownFileType = sourcecode.swift; path = FilesCollectionViewController.swift; sourceTree = "<group>"; };
		7BFCB2D428AAB02E00747CC1 /* FilesViewController.swift */ = {isa = PBXFileReference; lastKnownFileType = sourcecode.swift; path = FilesViewController.swift; sourceTree = "<group>"; };
		7BFCB2D628AAB0F800747CC1 /* FoldersCollectionViewController.swift */ = {isa = PBXFileReference; lastKnownFileType = sourcecode.swift; path = FoldersCollectionViewController.swift; sourceTree = "<group>"; };
		89F63F44A4A5868A906FFAA0 /* Pods-CloudApp.release.xcconfig */ = {isa = PBXFileReference; includeInIndex = 1; lastKnownFileType = text.xcconfig; name = "Pods-CloudApp.release.xcconfig"; path = "Target Support Files/Pods-CloudApp/Pods-CloudApp.release.xcconfig"; sourceTree = "<group>"; };
		CBD7DCAC91B5AAA4CB91BEC1 /* Pods-CloudApp.debug.xcconfig */ = {isa = PBXFileReference; includeInIndex = 1; lastKnownFileType = text.xcconfig; name = "Pods-CloudApp.debug.xcconfig"; path = "Target Support Files/Pods-CloudApp/Pods-CloudApp.debug.xcconfig"; sourceTree = "<group>"; };
/* End PBXFileReference section */

/* Begin PBXFrameworksBuildPhase section */
		7BFCB25A28AAAB8D00747CC1 /* Frameworks */ = {
			isa = PBXFrameworksBuildPhase;
			buildActionMask = 2147483647;
			files = (
				47E618E7ABD9DB76F0D6F363 /* Pods_CloudApp.framework in Frameworks */,
			);
			runOnlyForDeploymentPostprocessing = 0;
		};
/* End PBXFrameworksBuildPhase section */

/* Begin PBXGroup section */
		1D96121E0E8961298DE75A3C /* Frameworks */ = {
			isa = PBXGroup;
			children = (
				5BFC86CD79AF4C8977EE1C5A /* Pods_CloudApp.framework */,
			);
			name = Frameworks;
			sourceTree = "<group>";
		};
		7B369E5A28ADF49800EEB218 /* UIViewController + Alert */ = {
			isa = PBXGroup;
			children = (
				7B369E5B28ADF4ED00EEB218 /* UIViewController + UIAlertController.swift */,
			);
			path = "UIViewController + Alert";
			sourceTree = "<group>";
		};
		7B36C53228AB57E000671B29 /* CollectionControllers */ = {
			isa = PBXGroup;
			children = (
				7BFCB2D228AAAFFB00747CC1 /* FilesCollectionViewController.swift */,
				7BFCB2D628AAB0F800747CC1 /* FoldersCollectionViewController.swift */,
			);
			path = CollectionControllers;
			sourceTree = "<group>";
		};
		7B5EE49428AD299800D50A4E /* FirebaseStorageService */ = {
			isa = PBXGroup;
			children = (
				7B920C2928AB834500ABFDA6 /* FirebaseStorageService.swift */,
				7B5EE49528AD29A900D50A4E /* FirebaseStorageError.swift */,
			);
			path = FirebaseStorageService;
			sourceTree = "<group>";
		};
		7B5EE49928AD2A0600D50A4E /* FileManager */ = {
			isa = PBXGroup;
			children = (
				7B920C2B28AB835200ABFDA6 /* FileManagerService.swift */,
				7B5EE49728AD2A0100D50A4E /* FileManagerServiceError.swift */,
			);
			path = FileManager;
			sourceTree = "<group>";
		};
		7B8A11AD28B3B6320080D92B /* Coordinator */ = {
			isa = PBXGroup;
			children = (
				7B8A11AE28B3B63C0080D92B /* CoordinatorProtocol.swift */,
				7B8A11B028B3B6690080D92B /* MainCoordinator.swift */,
				7B8A11B228B3C1170080D92B /* AuthenticationCoordinator.swift */,
				7B8A11B428B3C1200080D92B /* RootFolderCoordinator.swift */,
			);
			path = Coordinator;
			sourceTree = "<group>";
		};
		7B8A11B628B3C2120080D92B /* NavigationControllers */ = {
			isa = PBXGroup;
			children = (
				7BFCB2CA28AAAE8600747CC1 /* RootFolderNavigationController.swift */,
				7B920C0628AB659A00ABFDA6 /* AuthenticationNavigationController.swift */,
			);
			path = NavigationControllers;
			sourceTree = "<group>";
		};
		7B920C0328AB655E00ABFDA6 /* AuthenticationControllers */ = {
			isa = PBXGroup;
			children = (
				7B920C0428AB657800ABFDA6 /* StartScreenController.swift */,
				7B920C0F28AB701A00ABFDA6 /* LoginViewController.swift */,
				7B920C1F28AB768E00ABFDA6 /* SignUpController.swift */,
			);
			path = AuthenticationControllers;
			sourceTree = "<group>";
		};
		7B920C0C28AB6FD600ABFDA6 /* RxSwift  */ = {
			isa = PBXGroup;
			children = (
				7B920C0D28AB6FD600ABFDA6 /* RxSwift  + notNilValue.swift */,
			);
			path = "RxSwift ";
			sourceTree = "<group>";
		};
		7B920C1128AB738B00ABFDA6 /* UIView  */ = {
			isa = PBXGroup;
			children = (
				7B920C1528AB73C400ABFDA6 /* UIView + twitch.swift */,
			);
			path = "UIView ";
			sourceTree = "<group>";
		};
		7B920C1228AB739700ABFDA6 /* UILabel */ = {
			isa = PBXGroup;
			children = (
				7BFCB2B328AAAD6600747CC1 /* UILabel + Init.swift */,
			);
			path = UILabel;
			sourceTree = "<group>";
		};
		7B920C1328AB739E00ABFDA6 /* UIColor */ = {
			isa = PBXGroup;
			children = (
				7BFCB2B428AAAD6600747CC1 /* UIColor + Constants.swift */,
			);
			path = UIColor;
			sourceTree = "<group>";
		};
		7B920C1428AB73AB00ABFDA6 /* UIStackView */ = {
			isa = PBXGroup;
			children = (
				7BFCB2B528AAAD6600747CC1 /* UIStackView + Init.swift */,
			);
			path = UIStackView;
			sourceTree = "<group>";
		};
		7B920C1728AB750500ABFDA6 /* Helpers */ = {
			isa = PBXGroup;
			children = (
				7B920C1828AB751200ABFDA6 /* Validator.swift */,
			);
			path = Helpers;
			sourceTree = "<group>";
		};
		7B920C1A28AB75C700ABFDA6 /* String */ = {
			isa = PBXGroup;
			children = (
				7B920C1B28AB75C700ABFDA6 /* String + Uppercase.swift */,
				7B920C1C28AB75C700ABFDA6 /* String + NilOrEmpty.swift */,
			);
			path = String;
			sourceTree = "<group>";
		};
		7B920C3328ABB04000ABFDA6 /* Data + default date */ = {
			isa = PBXGroup;
			children = (
				7B920C3428ABB04F00ABFDA6 /* Data + Default.swift */,
			);
			path = "Data + default date";
			sourceTree = "<group>";
		};
		7B920C3628ABB25C00ABFDA6 /* UTType + AllTypes */ = {
			isa = PBXGroup;
			children = (
				7B920C3728ABB27400ABFDA6 /* UTType + AllTypes.swift */,
			);
			path = "UTType + AllTypes";
			sourceTree = "<group>";
		};
		7BFCB25428AAAB8D00747CC1 = {
			isa = PBXGroup;
			children = (
				7BFCB25F28AAAB8D00747CC1 /* CloudApp */,
				7BFCB25E28AAAB8D00747CC1 /* Products */,
				DC808CE9268A7D2849555E61 /* Pods */,
				1D96121E0E8961298DE75A3C /* Frameworks */,
			);
			sourceTree = "<group>";
		};
		7BFCB25E28AAAB8D00747CC1 /* Products */ = {
			isa = PBXGroup;
			children = (
				7BFCB25D28AAAB8D00747CC1 /* CloudApp.app */,
			);
			name = Products;
			sourceTree = "<group>";
		};
		7BFCB25F28AAAB8D00747CC1 /* CloudApp */ = {
			isa = PBXGroup;
			children = (
				7B8A11AD28B3B6320080D92B /* Coordinator */,
				7B920C2528AB7F7100ABFDA6 /* GoogleService-Info.plist */,
				7B920C1728AB750500ABFDA6 /* Helpers */,
				7BFCB2C428AAADE800747CC1 /* Controller */,
				7BFCB2B228AAAD6600747CC1 /* Extension */,
				7BFCB2A628AAAD3500747CC1 /* Service */,
				7BFCB29B28AAACA400747CC1 /* View */,
				7BFCB29828AAAC4300747CC1 /* Model */,
				7BFCB29028AAABE800747CC1 /* ViewModel */,
				7BFCB26028AAAB8D00747CC1 /* AppDelegate.swift */,
				7BFCB26228AAAB8D00747CC1 /* SceneDelegate.swift */,
				7BFCB26928AAAB8E00747CC1 /* Assets.xcassets */,
				7BFCB26B28AAAB8E00747CC1 /* LaunchScreen.storyboard */,
				7BFCB26E28AAAB8E00747CC1 /* Info.plist */,
			);
			path = CloudApp;
			sourceTree = "<group>";
		};
		7BFCB29028AAABE800747CC1 /* ViewModel */ = {
			isa = PBXGroup;
			children = (
				7BFCB2D828AAB20B00747CC1 /* Just ui fill */,
				7BFCB2CE28AAAED000747CC1 /* FoldersViewModel.swift */,
				7BFCB29128AAABF200747CC1 /* FilesViewModel.swift */,
				7BFCB29328AAAC1500747CC1 /* ViewModelProtocol.swift */,
			);
			path = ViewModel;
			sourceTree = "<group>";
		};
		7BFCB29828AAAC4300747CC1 /* Model */ = {
			isa = PBXGroup;
			children = (
				7BFCB29928AAAC4A00747CC1 /* LayoutType.swift */,
				7B920C2D28AB83B000ABFDA6 /* CloudItem.swift */,
				7B920C2F28AB83D000ABFDA6 /* CloudFolder.swift */,
				7B920C3128AB83DB00ABFDA6 /* Folder.swift */,
			);
			path = Model;
			sourceTree = "<group>";
		};
		7BFCB29B28AAACA400747CC1 /* View */ = {
			isa = PBXGroup;
			children = (
				7BFCB2C528AAADEF00747CC1 /* CollectionView */,
				7BFCB2BB28AAADA400747CC1 /* Cells */,
				7BFCB29C28AAACB100747CC1 /* LayoutSwitcherView.swift */,
				7BFCB2B928AAAD9200747CC1 /* FolderFileActionView.swift */,
				7B920C0128AB649B00ABFDA6 /* StartScreenButton.swift */,
				7B920C0828AB6E3F00ABFDA6 /* SignUpTextFIeld.swift */,
				7B920C0A28AB6FBC00ABFDA6 /* PaddingTextField.swift */,
			);
			path = View;
			sourceTree = "<group>";
		};
		7BFCB2A628AAAD3500747CC1 /* Service */ = {
			isa = PBXGroup;
			children = (
				7B5EE49928AD2A0600D50A4E /* FileManager */,
				7B5EE49428AD299800D50A4E /* FirebaseStorageService */,
				7B920C2328AB7A1B00ABFDA6 /* AlertService.swift */,
				7B920C2128AB782600ABFDA6 /* AuthenticationService.swift */,
				7BFCB2A828AAAD3500747CC1 /* UserDefaultsService.swift */,
				7BFCB2A928AAAD3500747CC1 /* AlertFactory.swift */,
				7BFCB2AB28AAAD3500747CC1 /* LayoutFactory.swift */,
			);
			path = Service;
			sourceTree = "<group>";
		};
		7BFCB2B228AAAD6600747CC1 /* Extension */ = {
			isa = PBXGroup;
			children = (
				7B369E5A28ADF49800EEB218 /* UIViewController + Alert */,
				7B920C3628ABB25C00ABFDA6 /* UTType + AllTypes */,
				7B920C3328ABB04000ABFDA6 /* Data + default date */,
				7B920C1A28AB75C700ABFDA6 /* String */,
				7B920C1428AB73AB00ABFDA6 /* UIStackView */,
				7B920C1328AB739E00ABFDA6 /* UIColor */,
				7B920C1228AB739700ABFDA6 /* UILabel */,
				7B920C1128AB738B00ABFDA6 /* UIView  */,
				7B920C0C28AB6FD600ABFDA6 /* RxSwift  */,
			);
			path = Extension;
			sourceTree = "<group>";
		};
		7BFCB2BB28AAADA400747CC1 /* Cells */ = {
			isa = PBXGroup;
			children = (
				7BFCB2BC28AAADB000747CC1 /* FileColumnCell.swift */,
				7BFCB2BD28AAADB000747CC1 /* FileListCell.swift */,
				7BFCB2BF28AAADB000747CC1 /* FolderColumnCell.swift */,
				7BFCB2BE28AAADB000747CC1 /* FolderListCell.swift */,
				7B87928228ACD43C00E83D77 /* FileCellProtocol.swift */,
			);
			path = Cells;
			sourceTree = "<group>";
		};
		7BFCB2C428AAADE800747CC1 /* Controller */ = {
			isa = PBXGroup;
			children = (
				7B8A11B628B3C2120080D92B /* NavigationControllers */,
				7B920C0328AB655E00ABFDA6 /* AuthenticationControllers */,
				7B36C53228AB57E000671B29 /* CollectionControllers */,
				7BFCB2CC28AAAE9600747CC1 /* MainFolderViewController.swift */,
				7BFCB2D428AAB02E00747CC1 /* FilesViewController.swift */,
			);
			path = Controller;
			sourceTree = "<group>";
		};
		7BFCB2C528AAADEF00747CC1 /* CollectionView */ = {
			isa = PBXGroup;
			children = (
				7BFCB2C828AAAE5B00747CC1 /* FilesCollectionView.swift */,
				7BFCB2C628AAADF900747CC1 /* FoldersCollectionView.swift */,
			);
			path = CollectionView;
			sourceTree = "<group>";
		};
		7BFCB2D828AAB20B00747CC1 /* Just ui fill */ = {
			isa = PBXGroup;
			children = (
				7BFCB2B028AAAD4C00747CC1 /* FolderCellViewModel.swift */,
				7BFCB29528AAAC2400747CC1 /* FileCellViewModel.swift */,
			);
			path = "Just ui fill";
			sourceTree = "<group>";
		};
		DC808CE9268A7D2849555E61 /* Pods */ = {
			isa = PBXGroup;
			children = (
				CBD7DCAC91B5AAA4CB91BEC1 /* Pods-CloudApp.debug.xcconfig */,
				89F63F44A4A5868A906FFAA0 /* Pods-CloudApp.release.xcconfig */,
			);
			path = Pods;
			sourceTree = "<group>";
		};
/* End PBXGroup section */

/* Begin PBXNativeTarget section */
		7BFCB25C28AAAB8D00747CC1 /* CloudApp */ = {
			isa = PBXNativeTarget;
			buildConfigurationList = 7BFCB28728AAAB8E00747CC1 /* Build configuration list for PBXNativeTarget "CloudApp" */;
			buildPhases = (
				7F3050960B484652AD5C7ED7 /* [CP] Check Pods Manifest.lock */,
				7BFCB25928AAAB8D00747CC1 /* Sources */,
				7BFCB25A28AAAB8D00747CC1 /* Frameworks */,
				7BFCB25B28AAAB8D00747CC1 /* Resources */,
				1ABB48825EC50EA59B068007 /* [CP] Embed Pods Frameworks */,
			);
			buildRules = (
			);
			dependencies = (
			);
			name = CloudApp;
			packageProductDependencies = (
			);
			productName = CloudApp;
			productReference = 7BFCB25D28AAAB8D00747CC1 /* CloudApp.app */;
			productType = "com.apple.product-type.application";
		};
/* End PBXNativeTarget section */

/* Begin PBXProject section */
		7BFCB25528AAAB8D00747CC1 /* Project object */ = {
			isa = PBXProject;
			attributes = {
				BuildIndependentTargetsInParallel = 1;
				LastSwiftUpdateCheck = 1320;
				LastUpgradeCheck = 1320;
				TargetAttributes = {
					7BFCB25C28AAAB8D00747CC1 = {
						CreatedOnToolsVersion = 13.2.1;
					};
				};
			};
			buildConfigurationList = 7BFCB25828AAAB8D00747CC1 /* Build configuration list for PBXProject "CloudApp" */;
			compatibilityVersion = "Xcode 13.0";
			developmentRegion = en;
			hasScannedForEncodings = 0;
			knownRegions = (
				en,
				Base,
			);
			mainGroup = 7BFCB25428AAAB8D00747CC1;
			packageReferences = (
			);
			productRefGroup = 7BFCB25E28AAAB8D00747CC1 /* Products */;
			projectDirPath = "";
			projectRoot = "";
			targets = (
				7BFCB25C28AAAB8D00747CC1 /* CloudApp */,
			);
		};
/* End PBXProject section */

/* Begin PBXResourcesBuildPhase section */
		7BFCB25B28AAAB8D00747CC1 /* Resources */ = {
			isa = PBXResourcesBuildPhase;
			buildActionMask = 2147483647;
			files = (
				7BFCB26D28AAAB8E00747CC1 /* LaunchScreen.storyboard in Resources */,
				7B920C2628AB7F7100ABFDA6 /* GoogleService-Info.plist in Resources */,
				7BFCB26A28AAAB8E00747CC1 /* Assets.xcassets in Resources */,
			);
			runOnlyForDeploymentPostprocessing = 0;
		};
/* End PBXResourcesBuildPhase section */

/* Begin PBXShellScriptBuildPhase section */
		1ABB48825EC50EA59B068007 /* [CP] Embed Pods Frameworks */ = {
			isa = PBXShellScriptBuildPhase;
			buildActionMask = 2147483647;
			files = (
			);
			inputFileListPaths = (
				"${PODS_ROOT}/Target Support Files/Pods-CloudApp/Pods-CloudApp-frameworks-${CONFIGURATION}-input-files.xcfilelist",
			);
			name = "[CP] Embed Pods Frameworks";
			outputFileListPaths = (
				"${PODS_ROOT}/Target Support Files/Pods-CloudApp/Pods-CloudApp-frameworks-${CONFIGURATION}-output-files.xcfilelist",
			);
			runOnlyForDeploymentPostprocessing = 0;
			shellPath = /bin/sh;
			shellScript = "\"${PODS_ROOT}/Target Support Files/Pods-CloudApp/Pods-CloudApp-frameworks.sh\"\n";
			showEnvVarsInLog = 0;
		};
		7F3050960B484652AD5C7ED7 /* [CP] Check Pods Manifest.lock */ = {
			isa = PBXShellScriptBuildPhase;
			buildActionMask = 2147483647;
			files = (
			);
			inputFileListPaths = (
			);
			inputPaths = (
				"${PODS_PODFILE_DIR_PATH}/Podfile.lock",
				"${PODS_ROOT}/Manifest.lock",
			);
			name = "[CP] Check Pods Manifest.lock";
			outputFileListPaths = (
			);
			outputPaths = (
				"$(DERIVED_FILE_DIR)/Pods-CloudApp-checkManifestLockResult.txt",
			);
			runOnlyForDeploymentPostprocessing = 0;
			shellPath = /bin/sh;
			shellScript = "diff \"${PODS_PODFILE_DIR_PATH}/Podfile.lock\" \"${PODS_ROOT}/Manifest.lock\" > /dev/null\nif [ $? != 0 ] ; then\n    # print error to STDERR\n    echo \"error: The sandbox is not in sync with the Podfile.lock. Run 'pod install' or update your CocoaPods installation.\" >&2\n    exit 1\nfi\n# This output is used by Xcode 'outputs' to avoid re-running this script phase.\necho \"SUCCESS\" > \"${SCRIPT_OUTPUT_FILE_0}\"\n";
			showEnvVarsInLog = 0;
		};
/* End PBXShellScriptBuildPhase section */

/* Begin PBXSourcesBuildPhase section */
		7BFCB25928AAAB8D00747CC1 /* Sources */ = {
			isa = PBXSourcesBuildPhase;
			buildActionMask = 2147483647;
			files = (
				7B920C3828ABB27400ABFDA6 /* UTType + AllTypes.swift in Sources */,
				7B5EE49828AD2A0100D50A4E /* FileManagerServiceError.swift in Sources */,
				7BFCB2CF28AAAED000747CC1 /* FoldersViewModel.swift in Sources */,
				7B920C0B28AB6FBC00ABFDA6 /* PaddingTextField.swift in Sources */,
				7B920C2A28AB834500ABFDA6 /* FirebaseStorageService.swift in Sources */,
				7BFCB2AF28AAAD3500747CC1 /* LayoutFactory.swift in Sources */,
				7BFCB2D528AAB02E00747CC1 /* FilesViewController.swift in Sources */,
				7BFCB2CB28AAAE8600747CC1 /* RootFolderNavigationController.swift in Sources */,
				7BFCB2B828AAAD6600747CC1 /* UIStackView + Init.swift in Sources */,
				7B920C0228AB649B00ABFDA6 /* StartScreenButton.swift in Sources */,
				7B5EE49628AD29A900D50A4E /* FirebaseStorageError.swift in Sources */,
				7BFCB29A28AAAC4A00747CC1 /* LayoutType.swift in Sources */,
				7BFCB2C228AAADB000747CC1 /* FolderListCell.swift in Sources */,
				7B8A11AF28B3B63C0080D92B /* CoordinatorProtocol.swift in Sources */,
				7B920C2E28AB83B000ABFDA6 /* CloudItem.swift in Sources */,
				7BFCB2CD28AAAE9600747CC1 /* MainFolderViewController.swift in Sources */,
				7BFCB2D728AAB0F800747CC1 /* FoldersCollectionViewController.swift in Sources */,
				7BFCB2AD28AAAD3500747CC1 /* UserDefaultsService.swift in Sources */,
				7B920C2228AB782600ABFDA6 /* AuthenticationService.swift in Sources */,
				7BFCB2C128AAADB000747CC1 /* FileListCell.swift in Sources */,
				7BFCB2C928AAAE5B00747CC1 /* FilesCollectionView.swift in Sources */,
				7B8A11B328B3C1170080D92B /* AuthenticationCoordinator.swift in Sources */,
				7BFCB29428AAAC1500747CC1 /* ViewModelProtocol.swift in Sources */,
				7B920C2428AB7A1B00ABFDA6 /* AlertService.swift in Sources */,
				7B920C1928AB751200ABFDA6 /* Validator.swift in Sources */,
				7BFCB29628AAAC2400747CC1 /* FileCellViewModel.swift in Sources */,
				7B920C0928AB6E3F00ABFDA6 /* SignUpTextFIeld.swift in Sources */,
				7BFCB2D328AAAFFB00747CC1 /* FilesCollectionViewController.swift in Sources */,
				7B920C0E28AB6FD600ABFDA6 /* RxSwift  + notNilValue.swift in Sources */,
				7B920C3028AB83D000ABFDA6 /* CloudFolder.swift in Sources */,
				7BFCB26128AAAB8D00747CC1 /* AppDelegate.swift in Sources */,
				7BFCB29D28AAACB100747CC1 /* LayoutSwitcherView.swift in Sources */,
				7BFCB29228AAABF200747CC1 /* FilesViewModel.swift in Sources */,
				7BFCB2BA28AAAD9200747CC1 /* FolderFileActionView.swift in Sources */,
				7BFCB2C028AAADB000747CC1 /* FileColumnCell.swift in Sources */,
				7BFCB2AE28AAAD3500747CC1 /* AlertFactory.swift in Sources */,
				7B920C1E28AB75C700ABFDA6 /* String + NilOrEmpty.swift in Sources */,
				7BFCB26328AAAB8D00747CC1 /* SceneDelegate.swift in Sources */,
				7B8A11B128B3B6690080D92B /* MainCoordinator.swift in Sources */,
				7BFCB2C328AAADB000747CC1 /* FolderColumnCell.swift in Sources */,
				7B920C3228AB83DB00ABFDA6 /* Folder.swift in Sources */,
				7B920C3528ABB04F00ABFDA6 /* Data + Default.swift in Sources */,
				7B920C1D28AB75C700ABFDA6 /* String + Uppercase.swift in Sources */,
				7B87928328ACD43C00E83D77 /* FileCellProtocol.swift in Sources */,
				7B920C1028AB701A00ABFDA6 /* LoginViewController.swift in Sources */,
				7B920C2C28AB835200ABFDA6 /* FileManagerService.swift in Sources */,
				7BFCB2B728AAAD6600747CC1 /* UIColor + Constants.swift in Sources */,
				7B369E5C28ADF4ED00EEB218 /* UIViewController + UIAlertController.swift in Sources */,
				7BFCB2B628AAAD6600747CC1 /* UILabel + Init.swift in Sources */,
				7B8A11B528B3C1200080D92B /* RootFolderCoordinator.swift in Sources */,
				7B920C1628AB73C400ABFDA6 /* UIView + twitch.swift in Sources */,
				7B920C2028AB768E00ABFDA6 /* SignUpController.swift in Sources */,
				7B920C0728AB659A00ABFDA6 /* AuthenticationNavigationController.swift in Sources */,
				7BFCB2C728AAADF900747CC1 /* FoldersCollectionView.swift in Sources */,
				7B920C0528AB657800ABFDA6 /* StartScreenController.swift in Sources */,
				7BFCB2B128AAAD4C00747CC1 /* FolderCellViewModel.swift in Sources */,
			);
			runOnlyForDeploymentPostprocessing = 0;
		};
/* End PBXSourcesBuildPhase section */

/* Begin PBXVariantGroup section */
		7BFCB26B28AAAB8E00747CC1 /* LaunchScreen.storyboard */ = {
			isa = PBXVariantGroup;
			children = (
				7BFCB26C28AAAB8E00747CC1 /* Base */,
			);
			name = LaunchScreen.storyboard;
			sourceTree = "<group>";
		};
/* End PBXVariantGroup section */

/* Begin XCBuildConfiguration section */
		7BFCB28528AAAB8E00747CC1 /* Debug */ = {
			isa = XCBuildConfiguration;
			buildSettings = {
				ALWAYS_SEARCH_USER_PATHS = NO;
				CLANG_ANALYZER_NONNULL = YES;
				CLANG_ANALYZER_NUMBER_OBJECT_CONVERSION = YES_AGGRESSIVE;
				CLANG_CXX_LANGUAGE_STANDARD = "gnu++17";
				CLANG_CXX_LIBRARY = "libc++";
				CLANG_ENABLE_MODULES = YES;
				CLANG_ENABLE_OBJC_ARC = YES;
				CLANG_ENABLE_OBJC_WEAK = YES;
				CLANG_WARN_BLOCK_CAPTURE_AUTORELEASING = YES;
				CLANG_WARN_BOOL_CONVERSION = YES;
				CLANG_WARN_COMMA = YES;
				CLANG_WARN_CONSTANT_CONVERSION = YES;
				CLANG_WARN_DEPRECATED_OBJC_IMPLEMENTATIONS = YES;
				CLANG_WARN_DIRECT_OBJC_ISA_USAGE = YES_ERROR;
				CLANG_WARN_DOCUMENTATION_COMMENTS = YES;
				CLANG_WARN_EMPTY_BODY = YES;
				CLANG_WARN_ENUM_CONVERSION = YES;
				CLANG_WARN_INFINITE_RECURSION = YES;
				CLANG_WARN_INT_CONVERSION = YES;
				CLANG_WARN_NON_LITERAL_NULL_CONVERSION = YES;
				CLANG_WARN_OBJC_IMPLICIT_RETAIN_SELF = YES;
				CLANG_WARN_OBJC_LITERAL_CONVERSION = YES;
				CLANG_WARN_OBJC_ROOT_CLASS = YES_ERROR;
				CLANG_WARN_QUOTED_INCLUDE_IN_FRAMEWORK_HEADER = YES;
				CLANG_WARN_RANGE_LOOP_ANALYSIS = YES;
				CLANG_WARN_STRICT_PROTOTYPES = YES;
				CLANG_WARN_SUSPICIOUS_MOVE = YES;
				CLANG_WARN_UNGUARDED_AVAILABILITY = YES_AGGRESSIVE;
				CLANG_WARN_UNREACHABLE_CODE = YES;
				CLANG_WARN__DUPLICATE_METHOD_MATCH = YES;
				COPY_PHASE_STRIP = NO;
				DEBUG_INFORMATION_FORMAT = dwarf;
				ENABLE_STRICT_OBJC_MSGSEND = YES;
				ENABLE_TESTABILITY = YES;
				GCC_C_LANGUAGE_STANDARD = gnu11;
				GCC_DYNAMIC_NO_PIC = NO;
				GCC_NO_COMMON_BLOCKS = YES;
				GCC_OPTIMIZATION_LEVEL = 0;
				GCC_PREPROCESSOR_DEFINITIONS = (
					"DEBUG=1",
					"$(inherited)",
				);
				GCC_WARN_64_TO_32_BIT_CONVERSION = YES;
				GCC_WARN_ABOUT_RETURN_TYPE = YES_ERROR;
				GCC_WARN_UNDECLARED_SELECTOR = YES;
				GCC_WARN_UNINITIALIZED_AUTOS = YES_AGGRESSIVE;
				GCC_WARN_UNUSED_FUNCTION = YES;
				GCC_WARN_UNUSED_VARIABLE = YES;
				IPHONEOS_DEPLOYMENT_TARGET = 14.0;
				MTL_ENABLE_DEBUG_INFO = INCLUDE_SOURCE;
				MTL_FAST_MATH = YES;
				ONLY_ACTIVE_ARCH = YES;
				SDKROOT = iphoneos;
				SWIFT_ACTIVE_COMPILATION_CONDITIONS = DEBUG;
				SWIFT_OPTIMIZATION_LEVEL = "-Onone";
			};
			name = Debug;
		};
		7BFCB28628AAAB8E00747CC1 /* Release */ = {
			isa = XCBuildConfiguration;
			buildSettings = {
				ALWAYS_SEARCH_USER_PATHS = NO;
				CLANG_ANALYZER_NONNULL = YES;
				CLANG_ANALYZER_NUMBER_OBJECT_CONVERSION = YES_AGGRESSIVE;
				CLANG_CXX_LANGUAGE_STANDARD = "gnu++17";
				CLANG_CXX_LIBRARY = "libc++";
				CLANG_ENABLE_MODULES = YES;
				CLANG_ENABLE_OBJC_ARC = YES;
				CLANG_ENABLE_OBJC_WEAK = YES;
				CLANG_WARN_BLOCK_CAPTURE_AUTORELEASING = YES;
				CLANG_WARN_BOOL_CONVERSION = YES;
				CLANG_WARN_COMMA = YES;
				CLANG_WARN_CONSTANT_CONVERSION = YES;
				CLANG_WARN_DEPRECATED_OBJC_IMPLEMENTATIONS = YES;
				CLANG_WARN_DIRECT_OBJC_ISA_USAGE = YES_ERROR;
				CLANG_WARN_DOCUMENTATION_COMMENTS = YES;
				CLANG_WARN_EMPTY_BODY = YES;
				CLANG_WARN_ENUM_CONVERSION = YES;
				CLANG_WARN_INFINITE_RECURSION = YES;
				CLANG_WARN_INT_CONVERSION = YES;
				CLANG_WARN_NON_LITERAL_NULL_CONVERSION = YES;
				CLANG_WARN_OBJC_IMPLICIT_RETAIN_SELF = YES;
				CLANG_WARN_OBJC_LITERAL_CONVERSION = YES;
				CLANG_WARN_OBJC_ROOT_CLASS = YES_ERROR;
				CLANG_WARN_QUOTED_INCLUDE_IN_FRAMEWORK_HEADER = YES;
				CLANG_WARN_RANGE_LOOP_ANALYSIS = YES;
				CLANG_WARN_STRICT_PROTOTYPES = YES;
				CLANG_WARN_SUSPICIOUS_MOVE = YES;
				CLANG_WARN_UNGUARDED_AVAILABILITY = YES_AGGRESSIVE;
				CLANG_WARN_UNREACHABLE_CODE = YES;
				CLANG_WARN__DUPLICATE_METHOD_MATCH = YES;
				COPY_PHASE_STRIP = NO;
				DEBUG_INFORMATION_FORMAT = "dwarf-with-dsym";
				ENABLE_NS_ASSERTIONS = NO;
				ENABLE_STRICT_OBJC_MSGSEND = YES;
				GCC_C_LANGUAGE_STANDARD = gnu11;
				GCC_NO_COMMON_BLOCKS = YES;
				GCC_WARN_64_TO_32_BIT_CONVERSION = YES;
				GCC_WARN_ABOUT_RETURN_TYPE = YES_ERROR;
				GCC_WARN_UNDECLARED_SELECTOR = YES;
				GCC_WARN_UNINITIALIZED_AUTOS = YES_AGGRESSIVE;
				GCC_WARN_UNUSED_FUNCTION = YES;
				GCC_WARN_UNUSED_VARIABLE = YES;
				IPHONEOS_DEPLOYMENT_TARGET = 14.0;
				MTL_ENABLE_DEBUG_INFO = NO;
				MTL_FAST_MATH = YES;
				SDKROOT = iphoneos;
				SWIFT_COMPILATION_MODE = wholemodule;
				SWIFT_OPTIMIZATION_LEVEL = "-O";
				VALIDATE_PRODUCT = YES;
			};
			name = Release;
		};
		7BFCB28828AAAB8E00747CC1 /* Debug */ = {
			isa = XCBuildConfiguration;
			baseConfigurationReference = CBD7DCAC91B5AAA4CB91BEC1 /* Pods-CloudApp.debug.xcconfig */;
			buildSettings = {
				ASSETCATALOG_COMPILER_APPICON_NAME = AppIcon;
				ASSETCATALOG_COMPILER_GLOBAL_ACCENT_COLOR_NAME = AccentColor;
				CODE_SIGN_STYLE = Automatic;
				CURRENT_PROJECT_VERSION = 1;
				DEVELOPMENT_TEAM = KLZTQ9HHAP;
				GENERATE_INFOPLIST_FILE = YES;
				INFOPLIST_FILE = CloudApp/Info.plist;
				INFOPLIST_KEY_UIApplicationSupportsIndirectInputEvents = YES;
				INFOPLIST_KEY_UILaunchStoryboardName = LaunchScreen;
				INFOPLIST_KEY_UISupportedInterfaceOrientations = UIInterfaceOrientationPortrait;
				INFOPLIST_KEY_UISupportedInterfaceOrientations_iPad = "UIInterfaceOrientationPortrait UIInterfaceOrientationPortraitUpsideDown UIInterfaceOrientationLandscapeLeft UIInterfaceOrientationLandscapeRight";
				INFOPLIST_KEY_UISupportedInterfaceOrientations_iPhone = "UIInterfaceOrientationPortrait UIInterfaceOrientationLandscapeLeft UIInterfaceOrientationLandscapeRight";
				LD_RUNPATH_SEARCH_PATHS = (
					"$(inherited)",
					"@executable_path/Frameworks",
				);
				MARKETING_VERSION = 1.0;
				PRODUCT_BUNDLE_IDENTIFIER = timrez.CloudApp;
				PRODUCT_NAME = "$(TARGET_NAME)";
				SWIFT_EMIT_LOC_STRINGS = YES;
				SWIFT_VERSION = 5.0;
				TARGETED_DEVICE_FAMILY = "1,2";
			};
			name = Debug;
		};
		7BFCB28928AAAB8E00747CC1 /* Release */ = {
			isa = XCBuildConfiguration;
			baseConfigurationReference = 89F63F44A4A5868A906FFAA0 /* Pods-CloudApp.release.xcconfig */;
			buildSettings = {
				ASSETCATALOG_COMPILER_APPICON_NAME = AppIcon;
				ASSETCATALOG_COMPILER_GLOBAL_ACCENT_COLOR_NAME = AccentColor;
				CODE_SIGN_STYLE = Automatic;
				CURRENT_PROJECT_VERSION = 1;
				DEVELOPMENT_TEAM = KLZTQ9HHAP;
				GENERATE_INFOPLIST_FILE = YES;
				INFOPLIST_FILE = CloudApp/Info.plist;
				INFOPLIST_KEY_UIApplicationSupportsIndirectInputEvents = YES;
				INFOPLIST_KEY_UILaunchStoryboardName = LaunchScreen;
				INFOPLIST_KEY_UISupportedInterfaceOrientations = UIInterfaceOrientationPortrait;
				INFOPLIST_KEY_UISupportedInterfaceOrientations_iPad = "UIInterfaceOrientationPortrait UIInterfaceOrientationPortraitUpsideDown UIInterfaceOrientationLandscapeLeft UIInterfaceOrientationLandscapeRight";
				INFOPLIST_KEY_UISupportedInterfaceOrientations_iPhone = "UIInterfaceOrientationPortrait UIInterfaceOrientationLandscapeLeft UIInterfaceOrientationLandscapeRight";
				LD_RUNPATH_SEARCH_PATHS = (
					"$(inherited)",
					"@executable_path/Frameworks",
				);
				MARKETING_VERSION = 1.0;
				PRODUCT_BUNDLE_IDENTIFIER = timrez.CloudApp;
				PRODUCT_NAME = "$(TARGET_NAME)";
				SWIFT_EMIT_LOC_STRINGS = YES;
				SWIFT_VERSION = 5.0;
				TARGETED_DEVICE_FAMILY = "1,2";
			};
			name = Release;
		};
/* End XCBuildConfiguration section */

/* Begin XCConfigurationList section */
		7BFCB25828AAAB8D00747CC1 /* Build configuration list for PBXProject "CloudApp" */ = {
			isa = XCConfigurationList;
			buildConfigurations = (
				7BFCB28528AAAB8E00747CC1 /* Debug */,
				7BFCB28628AAAB8E00747CC1 /* Release */,
			);
			defaultConfigurationIsVisible = 0;
			defaultConfigurationName = Release;
		};
		7BFCB28728AAAB8E00747CC1 /* Build configuration list for PBXNativeTarget "CloudApp" */ = {
			isa = XCConfigurationList;
			buildConfigurations = (
				7BFCB28828AAAB8E00747CC1 /* Debug */,
				7BFCB28928AAAB8E00747CC1 /* Release */,
			);
			defaultConfigurationIsVisible = 0;
			defaultConfigurationName = Release;
		};
/* End XCConfigurationList section */
	};
	rootObject = 7BFCB25528AAAB8D00747CC1 /* Project object */;
}
